
Microsoft Visual Studio Solution File, Format Version 12.00
# Visual Studio Version 16
VisualStudioVersion = 16.0.29503.13
MinimumVisualStudioVersion = 10.0.40219.1
Project("{FAE04EC0-301F-11D3-BF4B-00C04F79EFBC}") = "Alarmy.Android", "Alarmy\Alarmy.Android\Alarmy.Android.csproj", "{D53FD920-204D-466D-B47B-191EB812D258}"
EndProject
Project("{FAE04EC0-301F-11D3-BF4B-00C04F79EFBC}") = "Alarmy.iOS", "Alarmy\Alarmy.iOS\Alarmy.iOS.csproj", "{166A7242-0279-4438-AD7C-FF4F2591E69A}"
EndProject
Project("{FAE04EC0-301F-11D3-BF4B-00C04F79EFBC}") = "Alarmy", "Alarmy\Alarmy\Alarmy.csproj", "{3B3E2FAD-F7DA-4D55-B463-F5986614E4E4}"
EndProject
Global
	GlobalSection(SolutionConfigurationPlatforms) = preSolution
		Debug|Any CPU = Debug|Any CPU
		Debug|iPhone = Debug|iPhone
		Debug|iPhoneSimulator = Debug|iPhoneSimulator
		Release|Any CPU = Release|Any CPU
		Release|iPhone = Release|iPhone
		Release|iPhoneSimulator = Release|iPhoneSimulator
	EndGlobalSection
	GlobalSection(ProjectConfigurationPlatforms) = postSolution
		{D53FD920-204D-466D-B47B-191EB812D258}.Debug|Any CPU.ActiveCfg = Debug|Any CPU
		{D53FD920-204D-466D-B47B-191EB812D258}.Debug|Any CPU.Build.0 = Debug|Any CPU
		{D53FD920-204D-466D-B47B-191EB812D258}.Debug|Any CPU.Deploy.0 = Debug|Any CPU
		{D53FD920-204D-466D-B47B-191EB812D258}.Debug|iPhone.ActiveCfg = Debug|Any CPU
		{D53FD920-204D-466D-B47B-191EB812D258}.Debug|iPhone.Build.0 = Debug|Any CPU
		{D53FD920-204D-466D-B47B-191EB812D258}.Debug|iPhone.Deploy.0 = Debug|Any CPU
		{D53FD920-204D-466D-B47B-191EB812D258}.Debug|iPhoneSimulator.ActiveCfg = Debug|Any CPU
		{D53FD920-204D-466D-B47B-191EB812D258}.Debug|iPhoneSimulator.Build.0 = Debug|Any CPU
		{D53FD920-204D-466D-B47B-191EB812D258}.Debug|iPhoneSimulator.Deploy.0 = Debug|Any CPU
		{D53FD920-204D-466D-B47B-191EB812D258}.Release|Any CPU.ActiveCfg = Release|Any CPU
		{D53FD920-204D-466D-B47B-191EB812D258}.Release|Any CPU.Build.0 = Release|Any CPU
		{D53FD920-204D-466D-B47B-191EB812D258}.Release|Any CPU.Deploy.0 = Release|Any CPU
		{D53FD920-204D-466D-B47B-191EB812D258}.Release|iPhone.ActiveCfg = Release|Any CPU
		{D53FD920-204D-466D-B47B-191EB812D258}.Release|iPhone.Build.0 = Release|Any CPU
		{D53FD920-204D-466D-B47B-191EB812D258}.Release|iPhone.Deploy.0 = Release|Any CPU
		{D53FD920-204D-466D-B47B-191EB812D258}.Release|iPhoneSimulator.ActiveCfg = Release|Any CPU
		{D53FD920-204D-466D-B47B-191EB812D258}.Release|iPhoneSimulator.Build.0 = Release|Any CPU
		{D53FD920-204D-466D-B47B-191EB812D258}.Release|iPhoneSimulator.Deploy.0 = Release|Any CPU
		{166A7242-0279-4438-AD7C-FF4F2591E69A}.Debug|Any CPU.ActiveCfg = Debug|iPhoneSimulator
		{166A7242-0279-4438-AD7C-FF4F2591E69A}.Debug|Any CPU.Build.0 = Debug|iPhoneSimulator
		{166A7242-0279-4438-AD7C-FF4F2591E69A}.Debug|Any CPU.Deploy.0 = Debug|iPhoneSimulator
		{166A7242-0279-4438-AD7C-FF4F2591E69A}.Debug|iPhone.ActiveCfg = Debug|iPhone
		{166A7242-0279-4438-AD7C-FF4F2591E69A}.Debug|iPhone.Build.0 = Debug|iPhone
		{166A7242-0279-4438-AD7C-FF4F2591E69A}.Debug|iPhone.Deploy.0 = Debug|iPhone
		{166A7242-0279-4438-AD7C-FF4F2591E69A}.Debug|iPhoneSimulator.ActiveCfg = Debug|iPhoneSimulator
		{166A7242-0279-4438-AD7C-FF4F2591E69A}.Debug|iPhoneSimulator.Build.0 = Debug|iPhoneSimulator
		{166A7242-0279-4438-AD7C-FF4F2591E69A}.Debug|iPhoneSimulator.Deploy.0 = Debug|iPhoneSimulator
		{166A7242-0279-4438-AD7C-FF4F2591E69A}.Release|Any CPU.ActiveCfg = Release|iPhone
		{166A7242-0279-4438-AD7C-FF4F2591E69A}.Release|Any CPU.Build.0 = Release|iPhone
		{166A7242-0279-4438-AD7C-FF4F2591E69A}.Release|Any CPU.Deploy.0 = Release|iPhone
		{166A7242-0279-4438-AD7C-FF4F2591E69A}.Release|iPhone.ActiveCfg = Release|iPhone
		{166A7242-0279-4438-AD7C-FF4F2591E69A}.Release|iPhone.Build.0 = Release|iPhone
		{166A7242-0279-4438-AD7C-FF4F2591E69A}.Release|iPhone.Deploy.0 = Release|iPhone
		{166A7242-0279-4438-AD7C-FF4F2591E69A}.Release|iPhoneSimulator.ActiveCfg = Release|iPhoneSimulator
		{166A7242-0279-4438-AD7C-FF4F2591E69A}.Release|iPhoneSimulator.Build.0 = Release|iPhoneSimulator
		{166A7242-0279-4438-AD7C-FF4F2591E69A}.Release|iPhoneSimulator.Deploy.0 = Release|iPhoneSimulator
		{3B3E2FAD-F7DA-4D55-B463-F5986614E4E4}.Debug|Any CPU.ActiveCfg = Debug|Any CPU
		{3B3E2FAD-F7DA-4D55-B463-F5986614E4E4}.Debug|Any CPU.Build.0 = Debug|Any CPU
		{3B3E2FAD-F7DA-4D55-B463-F5986614E4E4}.Debug|Any CPU.Deploy.0 = Debug|Any CPU
		{3B3E2FAD-F7DA-4D55-B463-F5986614E4E4}.Debug|iPhone.ActiveCfg = Debug|Any CPU
		{3B3E2FAD-F7DA-4D55-B463-F5986614E4E4}.Debug|iPhone.Build.0 = Debug|Any CPU
		{3B3E2FAD-F7DA-4D55-B463-F5986614E4E4}.Debug|iPhone.Deploy.0 = Debug|Any CPU
		{3B3E2FAD-F7DA-4D55-B463-F5986614E4E4}.Debug|iPhoneSimulator.ActiveCfg = Debug|Any CPU
		{3B3E2FAD-F7DA-4D55-B463-F5986614E4E4}.Debug|iPhoneSimulator.Build.0 = Debug|Any CPU
		{3B3E2FAD-F7DA-4D55-B463-F5986614E4E4}.Debug|iPhoneSimulator.Deploy.0 = Debug|Any CPU
		{3B3E2FAD-F7DA-4D55-B463-F5986614E4E4}.Release|Any CPU.ActiveCfg = Release|Any CPU
		{3B3E2FAD-F7DA-4D55-B463-F5986614E4E4}.Release|Any CPU.Build.0 = Release|Any CPU
		{3B3E2FAD-F7DA-4D55-B463-F5986614E4E4}.Release|Any CPU.Deploy.0 = Release|Any CPU
		{3B3E2FAD-F7DA-4D55-B463-F5986614E4E4}.Release|iPhone.ActiveCfg = Release|Any CPU
		{3B3E2FAD-F7DA-4D55-B463-F5986614E4E4}.Release|iPhone.Build.0 = Release|Any CPU
		{3B3E2FAD-F7DA-4D55-B463-F5986614E4E4}.Release|iPhone.Deploy.0 = Release|Any CPU
		{3B3E2FAD-F7DA-4D55-B463-F5986614E4E4}.Release|iPhoneSimulator.ActiveCfg = Release|Any CPU
		{3B3E2FAD-F7DA-4D55-B463-F5986614E4E4}.Release|iPhoneSimulator.Build.0 = Release|Any CPU
		{3B3E2FAD-F7DA-4D55-B463-F5986614E4E4}.Release|iPhoneSimulator.Deploy.0 = Release|Any CPU
	EndGlobalSection
	GlobalSection(SolutionProperties) = preSolution
		HideSolutionNode = FALSE
	EndGlobalSection
	GlobalSection(ExtensibilityGlobals) = postSolution
		SolutionGuid = {18008503-8064-4EC4-A978-17603133F07A}
	EndGlobalSection
EndGlobal
